
Microsoft Visual Studio Solution File, Format Version 12.00
# Visual Studio 15
VisualStudioVersion = 15.0.26430.12
MinimumVisualStudioVersion = 10.0.40219.1
Project("{2150E333-8FDC-42A3-9474-1A3956D46DE8}") = "0. Solution items", "0. Solution items", "{7664A776-FBC4-4DB1-BE35-29E9664E24B4}"
	ProjectSection(SolutionItems) = preProject
		.gitignore = .gitignore
		LICENSE = LICENSE
		README.md = README.md
		settings.yaml = settings.yaml
	EndProjectSection
EndProject
Project("{2150E333-8FDC-42A3-9474-1A3956D46DE8}") = "2. Repositories", "2. Repositories", "{BF745453-B940-470E-81BC-43FB67703D4E}"
EndProject
Project("{9A19103F-16F7-4668-BE54-9A1E7A4F7556}") = "Lykke.Service.HedgeBroker.AzureRepositories", "src\Lykke.Service.HedgeBroker.AzureRepositories\Lykke.Service.HedgeBroker.AzureRepositories.csproj", "{4BE49E02-AAAD-460B-8D00-57F412A3D181}"
EndProject
Project("{2150E333-8FDC-42A3-9474-1A3956D46DE8}") = "3. Client", "3. Client", "{C9A2CFDE-EA32-4946-B679-7CE6EFA816B8}"
EndProject
Project("{2150E333-8FDC-42A3-9474-1A3956D46DE8}") = "4. Tests", "4. Tests", "{8F9036B1-5106-4C69-B2D2-B78EE52687A0}"
EndProject
Project("{9A19103F-16F7-4668-BE54-9A1E7A4F7556}") = "Lykke.Service.HedgeBroker.Tests", "tests\Lykke.Service.HedgeBroker.Tests\Lykke.Service.HedgeBroker.Tests.csproj", "{A61FFDEE-5725-4650-A788-6E55EE5EFD5B}"
EndProject
Project("{9A19103F-16F7-4668-BE54-9A1E7A4F7556}") = "Lykke.Service.HedgeBroker", "src\Lykke.Service.HedgeBroker\Lykke.Service.HedgeBroker.csproj", "{E414FDB9-FEEA-4CD0-9BBA-D1541601DF29}"
EndProject
Project("{2150E333-8FDC-42A3-9474-1A3956D46DE8}") = "1. Infrastructure", "1. Infrastructure", "{AB84400F-9D57-4E16-B0AE-7F5AA0744874}"
EndProject
Project("{9A19103F-16F7-4668-BE54-9A1E7A4F7556}") = "Lykke.Service.HedgeBroker.Core", "src\Lykke.Service.HedgeBroker.Core\Lykke.Service.HedgeBroker.Core.csproj", "{10B7E4EE-3E97-46FC-BF24-4331309313CD}"
EndProject
Project("{9A19103F-16F7-4668-BE54-9A1E7A4F7556}") = "Lykke.Service.HedgeBroker.Services", "src\Lykke.Service.HedgeBroker.Services\Lykke.Service.HedgeBroker.Services.csproj", "{72402DEC-8470-4FFB-805E-49653CE5353A}"
EndProject
Project("{FAE04EC0-301F-11D3-BF4B-00C04F79EFBC}") = "Lykke.Service.HedgeBroker.Client", "client\Lykke.Service.HedgeBroker.Client\Lykke.Service.HedgeBroker.Client.csproj", "{51967012-4183-4801-9125-1D0B4902E0D8}"
EndProject
Global
	GlobalSection(SolutionConfigurationPlatforms) = preSolution
		Debug|Any CPU = Debug|Any CPU
		Release|Any CPU = Release|Any CPU
	EndGlobalSection
	GlobalSection(ProjectConfigurationPlatforms) = postSolution
		{4BE49E02-AAAD-460B-8D00-57F412A3D181}.Debug|Any CPU.ActiveCfg = Debug|Any CPU
		{4BE49E02-AAAD-460B-8D00-57F412A3D181}.Release|Any CPU.ActiveCfg = Release|Any CPU
		{4BE49E02-AAAD-460B-8D00-57F412A3D181}.Release|Any CPU.Build.0 = Release|Any CPU
		{A61FFDEE-5725-4650-A788-6E55EE5EFD5B}.Debug|Any CPU.ActiveCfg = Debug|Any CPU
		{A61FFDEE-5725-4650-A788-6E55EE5EFD5B}.Release|Any CPU.ActiveCfg = Release|Any CPU
		{A61FFDEE-5725-4650-A788-6E55EE5EFD5B}.Release|Any CPU.Build.0 = Release|Any CPU
		{E414FDB9-FEEA-4CD0-9BBA-D1541601DF29}.Debug|Any CPU.ActiveCfg = Debug|Any CPU
		{E414FDB9-FEEA-4CD0-9BBA-D1541601DF29}.Debug|Any CPU.Build.0 = Debug|Any CPU
		{E414FDB9-FEEA-4CD0-9BBA-D1541601DF29}.Release|Any CPU.ActiveCfg = Release|Any CPU
		{E414FDB9-FEEA-4CD0-9BBA-D1541601DF29}.Release|Any CPU.Build.0 = Release|Any CPU
		{10B7E4EE-3E97-46FC-BF24-4331309313CD}.Debug|Any CPU.ActiveCfg = Debug|Any CPU
		{10B7E4EE-3E97-46FC-BF24-4331309313CD}.Debug|Any CPU.Build.0 = Debug|Any CPU
		{10B7E4EE-3E97-46FC-BF24-4331309313CD}.Release|Any CPU.ActiveCfg = Release|Any CPU
		{10B7E4EE-3E97-46FC-BF24-4331309313CD}.Release|Any CPU.Build.0 = Release|Any CPU
		{72402DEC-8470-4FFB-805E-49653CE5353A}.Debug|Any CPU.ActiveCfg = Debug|Any CPU
		{72402DEC-8470-4FFB-805E-49653CE5353A}.Debug|Any CPU.Build.0 = Debug|Any CPU
		{72402DEC-8470-4FFB-805E-49653CE5353A}.Release|Any CPU.ActiveCfg = Release|Any CPU
		{72402DEC-8470-4FFB-805E-49653CE5353A}.Release|Any CPU.Build.0 = Release|Any CPU
		{51967012-4183-4801-9125-1D0B4902E0D8}.Debug|Any CPU.ActiveCfg = Debug|Any CPU
		{51967012-4183-4801-9125-1D0B4902E0D8}.Debug|Any CPU.Build.0 = Debug|Any CPU
		{51967012-4183-4801-9125-1D0B4902E0D8}.Release|Any CPU.ActiveCfg = Release|Any CPU
		{51967012-4183-4801-9125-1D0B4902E0D8}.Release|Any CPU.Build.0 = Release|Any CPU
	EndGlobalSection
	GlobalSection(SolutionProperties) = preSolution
		HideSolutionNode = FALSE
	EndGlobalSection
	GlobalSection(NestedProjects) = preSolution
		{4BE49E02-AAAD-460B-8D00-57F412A3D181} = {BF745453-B940-470E-81BC-43FB67703D4E}
		{A61FFDEE-5725-4650-A788-6E55EE5EFD5B} = {8F9036B1-5106-4C69-B2D2-B78EE52687A0}
		{10B7E4EE-3E97-46FC-BF24-4331309313CD} = {AB84400F-9D57-4E16-B0AE-7F5AA0744874}
		{72402DEC-8470-4FFB-805E-49653CE5353A} = {AB84400F-9D57-4E16-B0AE-7F5AA0744874}
		{51967012-4183-4801-9125-1D0B4902E0D8} = {C9A2CFDE-EA32-4946-B679-7CE6EFA816B8}
	EndGlobalSection
	GlobalSection(ExtensibilityGlobals) = postSolution
		SolutionGuid = {EB6C0EF4-AA6A-444D-8603-3669F73A58BC}
	EndGlobalSection
EndGlobal
